lockfileVersion: '6.0'

settings:
  autoInstallPeers: true
  excludeLinksFromLockfile: false

devDependencies:
  set-defaults:
    specifier: ^0.0.2
    version: 0.0.2

packages:

  /commander@10.0.1:
    resolution: {integrity: sha512-y4Mg2tXshplEbSGzx7amzPwKKOCGuoSRP/CjEdwwk0FOGlUbq6lKuoyDZTNZkmxHdJtp54hdfY/JUrdL7Xfdug==}
    engines: {node: '>=14'}
    dev: true

  /set-defaults@0.0.2:
    resolution: {integrity: sha512-xPlIV4pUxF9BDOXqds9RL6BxJmzDfywBl98qHPD4D9rJjBGpLosYJerfI3xU0HY7BDmHTUkfHAplfdN7PamBFA==}
    hasBin: true
    dependencies:
      commander: 10.0.1
    dev: true
