lockfileVersion: '9.0'

settings:
  autoInstallPeers: true
  excludeLinksFromLockfile: false

importers:

  .:
    devDependencies:
      '@openzeppelin/contracts':
        specifier: 4.9.4
        version: 4.9.4
      '@openzeppelin/contracts-upgradeable':
        specifier: 4.9.4
        version: 4.9.4
      as-soon:
        specifier: ^0.0.8
        version: 0.0.8
      clones-with-immutable-args:
        specifier: 1.0.0
        version: 1.0.0
      ldenv:
        specifier: ^0.3.9
        version: 0.3.9
      set-defaults:
        specifier: ^0.0.2
        version: 0.0.2
      solady:
        specifier: 0.0.174
        version: 0.0.174
      solmate:
        specifier: v6
        version: 6.2.0

packages:

  '@openzeppelin/contracts-upgradeable@4.9.4':
    resolution: {integrity: sha512-sVlteLCQ1RMgz7xbuhz/PRtBGT3oAPqmk1a/QWx+aeBibp+hFFeYodZJNXR7fs/4jbRQsXzPh1kuQ6RwMCCEMQ==}
    deprecated: Duplicated line in Multicall.sol

  '@openzeppelin/contracts@4.9.4':
    resolution: {integrity: sha512-cZ47skkw2iUz7ApIkgin5bNff7GkCJCZev48HKp81+sRBE0So9yi+Nm5O9G2BMysbjSdA9o9dKDUx0J9Yy1LUQ==}
    deprecated: Duplicated line in Multicall.sol

  '@parcel/watcher-android-arm64@2.4.1':
    resolution: {integrity: sha512-LOi/WTbbh3aTn2RYddrO8pnapixAziFl6SMxHM69r3tvdSm94JtCenaKgk1GRg5FJ5wpMCpHeW+7yqPlvZv7kg==}
    engines: {node: '>= 10.0.0'}
    cpu: [arm64]
    os: [android]

  '@parcel/watcher-darwin-arm64@2.4.1':
    resolution: {integrity: sha512-ln41eihm5YXIY043vBrrHfn94SIBlqOWmoROhsMVTSXGh0QahKGy77tfEywQ7v3NywyxBBkGIfrWRHm0hsKtzA==}
    engines: {node: '>= 10.0.0'}
    cpu: [arm64]
    os: [darwin]

  '@parcel/watcher-darwin-x64@2.4.1':
    resolution: {integrity: sha512-yrw81BRLjjtHyDu7J61oPuSoeYWR3lDElcPGJyOvIXmor6DEo7/G2u1o7I38cwlcoBHQFULqF6nesIX3tsEXMg==}
    engines: {node: '>= 10.0.0'}
    cpu: [x64]
    os: [darwin]

  '@parcel/watcher-freebsd-x64@2.4.1':
    resolution: {integrity: sha512-TJa3Pex/gX3CWIx/Co8k+ykNdDCLx+TuZj3f3h7eOjgpdKM+Mnix37RYsYU4LHhiYJz3DK5nFCCra81p6g050w==}
    engines: {node: '>= 10.0.0'}
    cpu: [x64]
    os: [freebsd]

  '@parcel/watcher-linux-arm-glibc@2.4.1':
    resolution: {integrity: sha512-4rVYDlsMEYfa537BRXxJ5UF4ddNwnr2/1O4MHM5PjI9cvV2qymvhwZSFgXqbS8YoTk5i/JR0L0JDs69BUn45YA==}
    engines: {node: '>= 10.0.0'}
    cpu: [arm]
    os: [linux]

  '@parcel/watcher-linux-arm64-glibc@2.4.1':
    resolution: {integrity: sha512-BJ7mH985OADVLpbrzCLgrJ3TOpiZggE9FMblfO65PlOCdG++xJpKUJ0Aol74ZUIYfb8WsRlUdgrZxKkz3zXWYA==}
    engines: {node: '>= 10.0.0'}
    cpu: [arm64]
    os: [linux]

  '@parcel/watcher-linux-arm64-musl@2.4.1':
    resolution: {integrity: sha512-p4Xb7JGq3MLgAfYhslU2SjoV9G0kI0Xry0kuxeG/41UfpjHGOhv7UoUDAz/jb1u2elbhazy4rRBL8PegPJFBhA==}
    engines: {node: '>= 10.0.0'}
    cpu: [arm64]
    os: [linux]

  '@parcel/watcher-linux-x64-glibc@2.4.1':
    resolution: {integrity: sha512-s9O3fByZ/2pyYDPoLM6zt92yu6P4E39a03zvO0qCHOTjxmt3GHRMLuRZEWhWLASTMSrrnVNWdVI/+pUElJBBBg==}
    engines: {node: '>= 10.0.0'}
    cpu: [x64]
    os: [linux]

  '@parcel/watcher-linux-x64-musl@2.4.1':
    resolution: {integrity: sha512-L2nZTYR1myLNST0O632g0Dx9LyMNHrn6TOt76sYxWLdff3cB22/GZX2UPtJnaqQPdCRoszoY5rcOj4oMTtp5fQ==}
    engines: {node: '>= 10.0.0'}
    cpu: [x64]
    os: [linux]

  '@parcel/watcher-win32-arm64@2.4.1':
    resolution: {integrity: sha512-Uq2BPp5GWhrq/lcuItCHoqxjULU1QYEcyjSO5jqqOK8RNFDBQnenMMx4gAl3v8GiWa59E9+uDM7yZ6LxwUIfRg==}
    engines: {node: '>= 10.0.0'}
    cpu: [arm64]
    os: [win32]

  '@parcel/watcher-win32-ia32@2.4.1':
    resolution: {integrity: sha512-maNRit5QQV2kgHFSYwftmPBxiuK5u4DXjbXx7q6eKjq5dsLXZ4FJiVvlcw35QXzk0KrUecJmuVFbj4uV9oYrcw==}
    engines: {node: '>= 10.0.0'}
    cpu: [ia32]
    os: [win32]

  '@parcel/watcher-win32-x64@2.4.1':
    resolution: {integrity: sha512-+DvS92F9ezicfswqrvIRM2njcYJbd5mb9CUgtrHCHmvn7pPPa+nMDRu1o1bYYz/l5IB2NVGNJWiH7h1E58IF2A==}
    engines: {node: '>= 10.0.0'}
    cpu: [x64]
    os: [win32]

  '@parcel/watcher@2.4.1':
    resolution: {integrity: sha512-HNjmfLQEVRZmHRET336f20H/8kOozUGwk7yajvsonjNxbj2wBTK1WsQuHkD5yYh9RxFGL2EyDHryOihOwUoKDA==}
    engines: {node: '>= 10.0.0'}

  as-soon@0.0.8:
    resolution: {integrity: sha512-njYeiaxylMdJjI8xM1v6RXFZWX87g4Q+SeGjvUfS4jB3ufqzGveMUoP/P6ne5f+4b/b5gnjN79nITRxbN2f1Jg==}
    hasBin: true

  braces@3.0.2:
    resolution: {integrity: sha512-b8um+L1RzM3WDSzvhm6gIz1yfTbBt6YTlcEKAvsmqCZZFw46z626lVj9j1yEPW33H5H+lBQpZMP1k8l+78Ha0A==}
    engines: {node: '>=8'}

  clones-with-immutable-args@1.0.0:
    resolution: {integrity: sha512-DYv2cgcmNuNaxa00Q/HSWAnsIc8H0mMjZHyGHxHUuyj3JoApOS2dcEb9SQ53qCy3SvDAhKZdaHSNHxbLvlIawg==}

  commander@10.0.1:
    resolution: {integrity: sha512-y4Mg2tXshplEbSGzx7amzPwKKOCGuoSRP/CjEdwwk0FOGlUbq6lKuoyDZTNZkmxHdJtp54hdfY/JUrdL7Xfdug==}
    engines: {node: '>=14'}

  detect-libc@1.0.3:
    resolution: {integrity: sha512-pGjwhsmsp4kL2RTz08wcOlGN83otlqHeD/Z5T8GXZB+/YcpQ/dgo+lbU8ZsGxV0HIvqqxo9l7mqYwyYMD9bKDg==}
    engines: {node: '>=0.10'}
    hasBin: true

  dotenv-expand@10.0.0:
    resolution: {integrity: sha512-GopVGCpVS1UKH75VKHGuQFqS1Gusej0z4FyQkPdwjil2gNIv+LNsqBlboOzpJFZKVT95GkCyWJbBSdFEFUWI2A==}
    engines: {node: '>=12'}

  dotenv@16.4.5:
    resolution: {integrity: sha512-ZmdL2rui+eB2YwhsWzjInR8LldtZHGDoQ1ugH85ppHKwpUHL7j7rN0Ti9NCnGiQbhaZ11FpR+7ao1dNsmduNUg==}
    engines: {node: '>=12'}

  fill-range@7.0.1:
    resolution: {integrity: sha512-qOo9F+dMUmC2Lcb4BbVvnKJxTPjCm+RRpe4gDuGrzkL7mEVl/djYSu2OdQ2Pa302N4oqkSg9ir6jaLWJ2USVpQ==}
    engines: {node: '>=8'}

  is-extglob@2.1.1:
    resolution: {integrity: sha512-SbKbANkN603Vi4jEZv49LeVJMn4yGwsbzZworEoyEiutsN3nJYdbO36zfhGJ6QEDpOZIFkDtnq5JRxmvl3jsoQ==}
    engines: {node: '>=0.10.0'}

  is-glob@4.0.3:
    resolution: {integrity: sha512-xelSayHH36ZgE7ZWhli7pW34hNbNl8Ojv5KVmkJD4hBdD3th8Tfk9vYasLM+mXWOZhFkgZfxhLSnrwRr4elSSg==}
    engines: {node: '>=0.10.0'}

  is-number@7.0.0:
    resolution: {integrity: sha512-41Cifkg6e8TylSpdtTpeLVMqvSBEVzTttHvERD741+pnZ8ANv0004MRL43QKPDlK9cGvNp6NZWZUBlbGXYxxng==}
    engines: {node: '>=0.12.0'}

  ldenv@0.3.9:
    resolution: {integrity: sha512-ownfNPFd2jvn4Hme9i/Pj1qAczVsjtUynI8jXBvcP+tE7pZQniWqmcsbZS2QVCNBb4o/oEyFO2ht+TP87NnBMQ==}
    hasBin: true

  lodash-es@4.17.21:
    resolution: {integrity: sha512-mKnC+QJ9pWVzv+C4/U3rRsHapFfHvQFoFB92e52xeyGMcX6/OlIl78je1u8vePzYZSkkogMPJ2yjxxsb89cxyw==}

  lodash@4.17.21:
    resolution: {integrity: sha512-v2kDEe57lecTulaDIuNTPy3Ry4gLGJ6Z1O3vE1krgXZNrsQ+LFTGHVxVjcXPs17LhbZVGedAJv8XZ1tvj5FvSg==}

  micromatch@4.0.5:
    resolution: {integrity: sha512-DMy+ERcEW2q8Z2Po+WNXuw3c5YaUSFjAO5GsJqfEl7UjvtIuFKO6ZrKvcItdy98dwFI2N1tg3zNIdKaQT+aNdA==}
    engines: {node: '>=8.6'}

  node-addon-api@7.1.0:
    resolution: {integrity: sha512-mNcltoe1R8o7STTegSOHdnJNN7s5EUvhoS7ShnTHDyOSd+8H+UdWODq6qSv67PjC8Zc5JRT8+oLAMCr0SIXw7g==}
    engines: {node: ^16 || ^18 || >= 20}

  picomatch@2.3.1:
    resolution: {integrity: sha512-JU3teHTNjmE2VCGFzuY8EXzCDVwEqB2a8fsIvwaStHhAWJEeVd1o1QD80CU6+ZdEXXSLbSsuLwJjkCBWqRQUVA==}
    engines: {node: '>=8.6'}

  set-defaults@0.0.2:
    resolution: {integrity: sha512-xPlIV4pUxF9BDOXqds9RL6BxJmzDfywBl98qHPD4D9rJjBGpLosYJerfI3xU0HY7BDmHTUkfHAplfdN7PamBFA==}
    hasBin: true

  solady@0.0.174:
    resolution: {integrity: sha512-N2k+PZHLQUxwWS5nX6qlZ1vcjf3Wd53r7rzcxnbRV7zSrPaw3j2AjP61eU1qPtQITlUD0VyU7J7DW/heFZAoAg==}

  solmate@6.2.0:
    resolution: {integrity: sha512-AM38ioQ2P8zRsA42zenb9or6OybRjOLXIu3lhIT8rhddUuduCt76pUEuLxOIg9GByGojGz+EbpFdCB6B+QZVVA==}

  to-regex-range@5.0.1:
    resolution: {integrity: sha512-65P7iz6X5yEr1cwcgvQxbbIw7Uk3gOy5dIdtZ4rDveLqhrdJP+Li/Hx6tyK0NEb+2GCyneCMJiGqrADCSNk8sQ==}
    engines: {node: '>=8.0'}

snapshots:

  '@openzeppelin/contracts-upgradeable@4.9.4': {}

  '@openzeppelin/contracts@4.9.4': {}

  '@parcel/watcher-android-arm64@2.4.1':
    optional: true

  '@parcel/watcher-darwin-arm64@2.4.1':
    optional: true

  '@parcel/watcher-darwin-x64@2.4.1':
    optional: true

  '@parcel/watcher-freebsd-x64@2.4.1':
    optional: true

  '@parcel/watcher-linux-arm-glibc@2.4.1':
    optional: true

  '@parcel/watcher-linux-arm64-glibc@2.4.1':
    optional: true

  '@parcel/watcher-linux-arm64-musl@2.4.1':
    optional: true

  '@parcel/watcher-linux-x64-glibc@2.4.1':
    optional: true

  '@parcel/watcher-linux-x64-musl@2.4.1':
    optional: true

  '@parcel/watcher-win32-arm64@2.4.1':
    optional: true

  '@parcel/watcher-win32-ia32@2.4.1':
    optional: true

  '@parcel/watcher-win32-x64@2.4.1':
    optional: true

  '@parcel/watcher@2.4.1':
    dependencies:
      detect-libc: 1.0.3
      is-glob: 4.0.3
      micromatch: 4.0.5
      node-addon-api: 7.1.0
    optionalDependencies:
      '@parcel/watcher-android-arm64': 2.4.1
      '@parcel/watcher-darwin-arm64': 2.4.1
      '@parcel/watcher-darwin-x64': 2.4.1
      '@parcel/watcher-freebsd-x64': 2.4.1
      '@parcel/watcher-linux-arm-glibc': 2.4.1
      '@parcel/watcher-linux-arm64-glibc': 2.4.1
      '@parcel/watcher-linux-arm64-musl': 2.4.1
      '@parcel/watcher-linux-x64-glibc': 2.4.1
      '@parcel/watcher-linux-x64-musl': 2.4.1
      '@parcel/watcher-win32-arm64': 2.4.1
      '@parcel/watcher-win32-ia32': 2.4.1
      '@parcel/watcher-win32-x64': 2.4.1

  as-soon@0.0.8:
    dependencies:
      '@parcel/watcher': 2.4.1
      ldenv: 0.3.9
      lodash: 4.17.21
      lodash-es: 4.17.21

  braces@3.0.2:
    dependencies:
      fill-range: 7.0.1

  clones-with-immutable-args@1.0.0: {}

  commander@10.0.1: {}

  detect-libc@1.0.3: {}

  dotenv-expand@10.0.0: {}

  dotenv@16.4.5: {}

  fill-range@7.0.1:
    dependencies:
      to-regex-range: 5.0.1

  is-extglob@2.1.1: {}

  is-glob@4.0.3:
    dependencies:
      is-extglob: 2.1.1

  is-number@7.0.0: {}

  ldenv@0.3.9:
    dependencies:
      dotenv: 16.4.5
      dotenv-expand: 10.0.0

  lodash-es@4.17.21: {}

  lodash@4.17.21: {}

  micromatch@4.0.5:
    dependencies:
      braces: 3.0.2
      picomatch: 2.3.1

  node-addon-api@7.1.0: {}

  picomatch@2.3.1: {}

  set-defaults@0.0.2:
    dependencies:
      commander: 10.0.1

  solady@0.0.174: {}

  solmate@6.2.0: {}

  to-regex-range@5.0.1:
    dependencies:
      is-number: 7.0.0
